
Microsoft Visual Studio Solution File, Format Version 12.00
# Visual Studio Version 16
VisualStudioVersion = 16.0.31321.278
MinimumVisualStudioVersion = 10.0.40219.1
Project("{FAE04EC0-301F-11D3-BF4B-00C04F79EFBC}") = "EF6Compras", "EF6Compras\EF6Compras.csproj", "{67631DBE-9472-448F-8BDD-B67403D7F05C}"
EndProject
Global
	GlobalSection(SolutionConfigurationPlatforms) = preSolution
		Debug|Any CPU = Debug|Any CPU
		Release|Any CPU = Release|Any CPU
	EndGlobalSection
	GlobalSection(ProjectConfigurationPlatforms) = postSolution
		{67631DBE-9472-448F-8BDD-B67403D7F05C}.Debug|Any CPU.ActiveCfg = Debug|Any CPU
		{67631DBE-9472-448F-8BDD-B67403D7F05C}.Debug|Any CPU.Build.0 = Debug|Any CPU
		{67631DBE-9472-448F-8BDD-B67403D7F05C}.Release|Any CPU.ActiveCfg = Release|Any CPU
		{67631DBE-9472-448F-8BDD-B67403D7F05C}.Release|Any CPU.Build.0 = Release|Any CPU
	EndGlobalSection
	GlobalSection(SolutionProperties) = preSolution
		HideSolutionNode = FALSE
	EndGlobalSection
	GlobalSection(ExtensibilityGlobals) = postSolution
		SolutionGuid = {B525D1F7-D207-4683-8B88-9BE7C01D4A44}
	EndGlobalSection
EndGlobal
