
Microsoft Visual Studio Solution File, Format Version 12.00
# Visual Studio Version 16
VisualStudioVersion = 16.0.31321.278
MinimumVisualStudioVersion = 10.0.40219.1
Project("{9A19103F-16F7-4668-BE54-9A1E7A4F7556}") = "SocialMedia.Api", "SocialMedia.Api\SocialMedia.Api.csproj", "{B6B0D287-7A06-409A-8343-3BF8D06DE84B}"
	ProjectSection(ProjectDependencies) = postProject
		{A1627C33-9D99-4F28-B425-446498B61A18} = {A1627C33-9D99-4F28-B425-446498B61A18}
		{FC03B1C4-9899-4A5C-98F9-06CB060F3CDC} = {FC03B1C4-9899-4A5C-98F9-06CB060F3CDC}
	EndProjectSection
EndProject
Project("{9A19103F-16F7-4668-BE54-9A1E7A4F7556}") = "SocialMedia.Core", "SocialMedia.Core\SocialMedia.Core.csproj", "{A1627C33-9D99-4F28-B425-446498B61A18}"
EndProject
Project("{9A19103F-16F7-4668-BE54-9A1E7A4F7556}") = "SocialMedia.Infrastructure", "SocialMedia.Infrastructure\SocialMedia.Infrastructure.csproj", "{FC03B1C4-9899-4A5C-98F9-06CB060F3CDC}"
	ProjectSection(ProjectDependencies) = postProject
		{A1627C33-9D99-4F28-B425-446498B61A18} = {A1627C33-9D99-4F28-B425-446498B61A18}
	EndProjectSection
EndProject
Project("{2150E333-8FDC-42A3-9474-1A3956D46DE8}") = "Tests", "Tests", "{0EB322D8-DF3C-49D6-BA91-2B6EA8A5CE0F}"
EndProject
Project("{9A19103F-16F7-4668-BE54-9A1E7A4F7556}") = "SocialMedia.UnitTests", "SocialMedia.UnitTests\SocialMedia.UnitTests.csproj", "{15DCD459-3711-4ACC-8713-53F5008303E4}"
EndProject
Project("{9A19103F-16F7-4668-BE54-9A1E7A4F7556}") = "SocialMedia.IntegrationTests", "SocialMedia.IntegrationTests\SocialMedia.IntegrationTests.csproj", "{9968CC87-485A-4E88-8491-1ABA2E2BBD6C}"
EndProject
Global
	GlobalSection(SolutionConfigurationPlatforms) = preSolution
		Debug|Any CPU = Debug|Any CPU
		Release|Any CPU = Release|Any CPU
	EndGlobalSection
	GlobalSection(ProjectConfigurationPlatforms) = postSolution
		{B6B0D287-7A06-409A-8343-3BF8D06DE84B}.Debug|Any CPU.ActiveCfg = Debug|Any CPU
		{B6B0D287-7A06-409A-8343-3BF8D06DE84B}.Debug|Any CPU.Build.0 = Debug|Any CPU
		{B6B0D287-7A06-409A-8343-3BF8D06DE84B}.Release|Any CPU.ActiveCfg = Release|Any CPU
		{B6B0D287-7A06-409A-8343-3BF8D06DE84B}.Release|Any CPU.Build.0 = Release|Any CPU
		{A1627C33-9D99-4F28-B425-446498B61A18}.Debug|Any CPU.ActiveCfg = Debug|Any CPU
		{A1627C33-9D99-4F28-B425-446498B61A18}.Debug|Any CPU.Build.0 = Debug|Any CPU
		{A1627C33-9D99-4F28-B425-446498B61A18}.Release|Any CPU.ActiveCfg = Release|Any CPU
		{A1627C33-9D99-4F28-B425-446498B61A18}.Release|Any CPU.Build.0 = Release|Any CPU
		{FC03B1C4-9899-4A5C-98F9-06CB060F3CDC}.Debug|Any CPU.ActiveCfg = Debug|Any CPU
		{FC03B1C4-9899-4A5C-98F9-06CB060F3CDC}.Debug|Any CPU.Build.0 = Debug|Any CPU
		{FC03B1C4-9899-4A5C-98F9-06CB060F3CDC}.Release|Any CPU.ActiveCfg = Release|Any CPU
		{FC03B1C4-9899-4A5C-98F9-06CB060F3CDC}.Release|Any CPU.Build.0 = Release|Any CPU
		{15DCD459-3711-4ACC-8713-53F5008303E4}.Debug|Any CPU.ActiveCfg = Debug|Any CPU
		{15DCD459-3711-4ACC-8713-53F5008303E4}.Debug|Any CPU.Build.0 = Debug|Any CPU
		{15DCD459-3711-4ACC-8713-53F5008303E4}.Release|Any CPU.ActiveCfg = Release|Any CPU
		{15DCD459-3711-4ACC-8713-53F5008303E4}.Release|Any CPU.Build.0 = Release|Any CPU
		{9968CC87-485A-4E88-8491-1ABA2E2BBD6C}.Debug|Any CPU.ActiveCfg = Debug|Any CPU
		{9968CC87-485A-4E88-8491-1ABA2E2BBD6C}.Debug|Any CPU.Build.0 = Debug|Any CPU
		{9968CC87-485A-4E88-8491-1ABA2E2BBD6C}.Release|Any CPU.ActiveCfg = Release|Any CPU
		{9968CC87-485A-4E88-8491-1ABA2E2BBD6C}.Release|Any CPU.Build.0 = Release|Any CPU
	EndGlobalSection
	GlobalSection(SolutionProperties) = preSolution
		HideSolutionNode = FALSE
	EndGlobalSection
	GlobalSection(NestedProjects) = preSolution
		{15DCD459-3711-4ACC-8713-53F5008303E4} = {0EB322D8-DF3C-49D6-BA91-2B6EA8A5CE0F}
		{9968CC87-485A-4E88-8491-1ABA2E2BBD6C} = {0EB322D8-DF3C-49D6-BA91-2B6EA8A5CE0F}
	EndGlobalSection
	GlobalSection(ExtensibilityGlobals) = postSolution
		SolutionGuid = {5784F6F7-40AA-4F8D-9AF6-21D53222DB8C}
	EndGlobalSection
EndGlobal
